
Microsoft Visual Studio Solution File, Format Version 12.00
# Visual Studio 2013
VisualStudioVersion = 12.0.0.0
MinimumVisualStudioVersion = 10.0.0.1
Project("{FAE04EC0-301F-11D3-BF4B-00C04F79EFBC}") = "Dopper.Core", "Doppler.Core\Dopper.Core.csproj", "{2E2FBA5F-402D-4E30-A895-D143F77E35B2}"
EndProject
Project("{FAE04EC0-301F-11D3-BF4B-00C04F79EFBC}") = "Doppler.UpcStore", "Doppler.UpcStore\Doppler.UpcStore.csproj", "{C3FF0B59-3F8C-4085-8876-4F22F5C6B80B}"
EndProject
Project("{FAE04EC0-301F-11D3-BF4B-00C04F79EFBC}") = "Doppler.MovieStore", "Doppler.MovieStore\Doppler.MovieStore.csproj", "{F556F206-A932-48E4-B2EC-64D095023290}"
EndProject
Project("{FAE04EC0-301F-11D3-BF4B-00C04F79EFBC}") = "Doppler.Tests", "Doppler.Tests\Doppler.Tests.csproj", "{AA569584-AFFF-45DC-AF43-DEE13C0C3017}"
EndProject
Global
	GlobalSection(SolutionConfigurationPlatforms) = preSolution
		Debug|Any CPU = Debug|Any CPU
		Release|Any CPU = Release|Any CPU
	EndGlobalSection
	GlobalSection(ProjectConfigurationPlatforms) = postSolution
		{2E2FBA5F-402D-4E30-A895-D143F77E35B2}.Debug|Any CPU.ActiveCfg = Debug|Any CPU
		{2E2FBA5F-402D-4E30-A895-D143F77E35B2}.Debug|Any CPU.Build.0 = Debug|Any CPU
		{2E2FBA5F-402D-4E30-A895-D143F77E35B2}.Release|Any CPU.ActiveCfg = Release|Any CPU
		{2E2FBA5F-402D-4E30-A895-D143F77E35B2}.Release|Any CPU.Build.0 = Release|Any CPU
		{C3FF0B59-3F8C-4085-8876-4F22F5C6B80B}.Debug|Any CPU.ActiveCfg = Debug|Any CPU
		{C3FF0B59-3F8C-4085-8876-4F22F5C6B80B}.Debug|Any CPU.Build.0 = Debug|Any CPU
		{C3FF0B59-3F8C-4085-8876-4F22F5C6B80B}.Release|Any CPU.ActiveCfg = Release|Any CPU
		{C3FF0B59-3F8C-4085-8876-4F22F5C6B80B}.Release|Any CPU.Build.0 = Release|Any CPU
		{F556F206-A932-48E4-B2EC-64D095023290}.Debug|Any CPU.ActiveCfg = Debug|Any CPU
		{F556F206-A932-48E4-B2EC-64D095023290}.Debug|Any CPU.Build.0 = Debug|Any CPU
		{F556F206-A932-48E4-B2EC-64D095023290}.Release|Any CPU.ActiveCfg = Release|Any CPU
		{F556F206-A932-48E4-B2EC-64D095023290}.Release|Any CPU.Build.0 = Release|Any CPU
		{AA569584-AFFF-45DC-AF43-DEE13C0C3017}.Debug|Any CPU.ActiveCfg = Debug|Any CPU
		{AA569584-AFFF-45DC-AF43-DEE13C0C3017}.Debug|Any CPU.Build.0 = Debug|Any CPU
		{AA569584-AFFF-45DC-AF43-DEE13C0C3017}.Release|Any CPU.ActiveCfg = Release|Any CPU
		{AA569584-AFFF-45DC-AF43-DEE13C0C3017}.Release|Any CPU.Build.0 = Release|Any CPU
	EndGlobalSection
	GlobalSection(SolutionProperties) = preSolution
		HideSolutionNode = FALSE
	EndGlobalSection
	GlobalSection(MonoDevelopProperties) = preSolution
		Policies = $0
		$0.DotNetNamingPolicy = $1
		$1.DirectoryNamespaceAssociation = PrefixedHierarchical
		$0.TextStylePolicy = $2
		$2.inheritsSet = null
		$2.scope = text/x-csharp
		$0.CSharpFormattingPolicy = $3
		$3.scope = text/x-csharp
		$0.TextStylePolicy = $4
		$4.FileWidth = 80
		$4.TabsToSpaces = True
		$4.scope = text/plain
		$0.StandardHeader = $5
		$0.VersionControlPolicy = $6
	EndGlobalSection
EndGlobal
